<?xml version="1.0" encoding="UTF-8" standalone="yes" ?>
<CodeBlocks_project_file>
	<FileVersion major="1" minor="6" />
	<Project>
		<Option title="Hurka" />
		<Option pch_mode="2" />
		<Option compiler="gcc" />
		<Build>
			<Target title="Debug">
				<Option output="bin/Debug/Hurka" prefix_auto="1" extension_auto="1" />
				<Option working_dir="bin/Debug/" />
				<Option object_output="obj/Debug/" />
				<Option type="1" />
				<Option compiler="gcc" />
				<Compiler>
					<Add option="-Wall" />
					<Add option="-g" />
					<Add option="-D_Win32_" />
					<Add directory="include" />
				</Compiler>
				<Linker>
					<Add option="-static-libstdc++" />
					<Add option="-static-libgcc" />
					<Add library="sfml-graphics-d-2" />
					<Add library="sfml-window-d-2" />
					<Add library="sfml-system-d-2" />
				</Linker>
			</Target>
			<Target title="Release">
				<Option output="bin/Release/Hurka" prefix_auto="1" extension_auto="1" />
				<Option working_dir="bin/Release/" />
				<Option object_output="obj/Release/" />
				<Option type="1" />
				<Option compiler="gcc" />
				<Compiler>
					<Add option="-O2" />
					<Add option="-Wall" />
					<Add option="-static -static-libgcc -static-libstdc++" />
					<Add option="-D_Win32_" />
					<Add directory="include" />
				</Compiler>
				<Linker>
					<Add option="-s" />
					<Add option="-static-libstdc++" />
					<Add option="-static-libgcc" />
					<Add library="sfml-graphics" />
					<Add library="sfml-window" />
					<Add library="sfml-system" />
				</Linker>
			</Target>
		</Build>
		<Compiler>
			<Add option="-Wall" />
			<Add directory="$(#sfml.include)" />
		</Compiler>
		<Linker>
			<Add directory="$(#sfml.lib)" />
		</Linker>
		<Unit filename="src/BinarySearchTree.cpp" />
		<Unit filename="src/BinarySearchTree.hpp" />
		<Unit filename="src/Block.cpp" />
		<Unit filename="src/Block.hpp" />
		<Unit filename="src/Bus.cpp" />
		<Unit filename="src/Bus.hpp" />
		<Unit filename="src/BusRoute.cpp" />
		<Unit filename="src/BusRoute.hpp" />
		<Unit filename="src/Constants.hpp" />
		<Unit filename="src/Core.cpp" />
		<Unit filename="src/Core.hpp" />
		<Unit filename="src/FileManager.cpp" />
		<Unit filename="src/FileManager.hpp" />
		<Unit filename="src/GameMatrix.cpp" />
		<Unit filename="src/GameMatrix.hpp" />
		<Unit filename="src/Graph.cpp" />
		<Unit filename="src/Graph.hpp" />
		<Unit filename="src/Grid.cpp" />
		<Unit filename="src/Grid.hpp" />
		<Unit filename="src/HPos.cpp" />
		<Unit filename="src/HPos.hpp" />
		<Unit filename="src/HRect.cpp" />
		<Unit filename="src/HRect.hpp" />
		<Unit filename="src/HurkaMap.cpp" />
		<Unit filename="src/HurkaMap.hpp" />
		<Unit filename="src/HurkaMatrix.cpp" />
		<Unit filename="src/HurkaMatrix.hpp" />
		<Unit filename="src/Link.cpp" />
		<Unit filename="src/Link.hpp" />
		<Unit filename="src/Locomotive.cpp" />
		<Unit filename="src/Locomotive.hpp" />
		<Unit filename="src/Main.cpp" />
		<Unit filename="src/Node.cpp" />
		<Unit filename="src/Node.hpp" />
		<Unit filename="src/RoadNetwork.cpp" />
		<Unit filename="src/RoadNetwork.hpp" />
		<Unit filename="src/SlotPath.cpp" />
		<Unit filename="src/SlotPath.hpp" />
		<Unit filename="src/SlotPos.cpp" />
		<Unit filename="src/SlotPos.hpp" />
		<Unit filename="src/TextureManager.cpp" />
		<Unit filename="src/TextureManager.hpp" />
		<Unit filename="src/Toolbar.cpp" />
		<Unit filename="src/Toolbar.hpp" />
		<Unit filename="src/TrafficManager.cpp" />
		<Unit filename="src/TrafficManager.hpp" />
		<Unit filename="src/Utils.cpp" />
		<Unit filename="src/Utils.hpp" />
		<Extensions>
			<code_completion />
			<envvars />
			<debugger />
			<lib_finder disable_auto="1" />
			<wxsmith version="1">
				<gui name="wxWidgets" src="" main="" init_handlers="necessary" language="CPP" />
			</wxsmith>
			<DoxyBlocks>
				<comment_style block="2" line="2" />
				<doxyfile_project project_number="alpha-0.1" output_directory="fat64\temp" />
				<doxyfile_build extract_all="1" />
				<doxyfile_warnings />
				<doxyfile_output />
				<doxyfile_dot />
				<general />
			</DoxyBlocks>
		</Extensions>
	</Project>
</CodeBlocks_project_file>
