<?xml version="1.0" encoding="UTF-8" standalone="yes" ?>
<CodeBlocks_project_file>
	<FileVersion major="1" minor="6" />
	<Project>
		<Option title="Hurka" />
		<Option pch_mode="2" />
		<Option compiler="gcc" />
		<Build>
			<Target title="Debug">
				<Option output="bin/Debug/Hurka" prefix_auto="1" extension_auto="1" />
				<Option working_dir="bin/Debug/" />
				<Option object_output="obj/Debug/" />
				<Option type="1" />
				<Option compiler="gcc" />
				<Compiler>
					<Add option="-g" />
				</Compiler>
				<Linker>
					<Add library="sfml-graphics-d" />
					<Add library="sfml-window-d" />
					<Add library="sfml-system-d" />
					<Add library="sfml-main-d" />
				</Linker>
			</Target>
			<Target title="Release">
				<Option output="bin/Release/Hurka" prefix_auto="1" extension_auto="1" />
				<Option working_dir="bin/Release/" />
				<Option object_output="obj/Release/" />
				<Option type="1" />
				<Option compiler="gcc" />
				<Compiler>
					<Add option="-O2" />
					<Add option="-static -static-libgcc -static-libstdc++" />
					<Add directory="include" />
				</Compiler>
				<Linker>
					<Add option="-s" />
					<Add option="-static-libstdc++" />
					<Add option="-static-libgcc" />
					<Add library="sfml-graphics" />
					<Add library="sfml-window" />
					<Add library="sfml-system" />
				</Linker>
			</Target>
		</Build>
		<Compiler>
			<Add option="-Wall" />
			<Add directory="$(#sfml.include)" />
		</Compiler>
		<Linker>
			<Add directory="$(#sfml.lib)" />
		</Linker>
		<Unit filename="src/Block.cpp" />
		<Unit filename="src/Block.hpp" />
		<Unit filename="src/Bus.cpp" />
		<Unit filename="src/Bus.hpp" />
		<Unit filename="src/Constants.hpp" />
		<Unit filename="src/Core.cpp" />
		<Unit filename="src/Core.hpp" />
		<Unit filename="src/FileManager.cpp" />
		<Unit filename="src/FileManager.hpp" />
		<Unit filename="src/GameMatrix.cpp" />
		<Unit filename="src/GameMatrix.hpp" />
		<Unit filename="src/Grid.cpp" />
		<Unit filename="src/Grid.hpp" />
		<Unit filename="src/HurkaMap.cpp" />
		<Unit filename="src/HurkaMap.hpp" />
		<Unit filename="src/HurkaMatrix.cpp" />
		<Unit filename="src/HurkaMatrix.hpp" />
		<Unit filename="src/Locomotive.cpp" />
		<Unit filename="src/Locomotive.hpp" />
		<Unit filename="src/Main.cpp" />
		<Unit filename="src/TextureManager.cpp" />
		<Unit filename="src/TextureManager.hpp" />
		<Unit filename="src/Toolbar.cpp" />
		<Unit filename="src/Toolbar.hpp" />
		<Unit filename="src/Utils.cpp" />
		<Unit filename="src/Utils.hpp" />
		<Extensions>
			<code_completion />
			<envvars />
			<debugger />
			<lib_finder disable_auto="1" />
		</Extensions>
	</Project>
</CodeBlocks_project_file>
